
Microsoft Visual Studio Solution File, Format Version 12.00
# Visual Studio 15
VisualStudioVersion = 15.0.28010.2041
MinimumVisualStudioVersion = 10.0.40219.1
Project("{FAE04EC0-301F-11D3-BF4B-00C04F79EFBC}") = "Lab_1", "Labs\Lab_1.csproj", "{AFE64008-86A8-4919-B63A-DEBA7F8A30E8}"
EndProject
Project("{FAE04EC0-301F-11D3-BF4B-00C04F79EFBC}") = "Lab_2", "Lab_2\Lab_2.csproj", "{9C2CBC21-F5D1-4064-880B-1F3308F268C0}"
EndProject
Global
	GlobalSection(SolutionConfigurationPlatforms) = preSolution
		Debug|Any CPU = Debug|Any CPU
		Release|Any CPU = Release|Any CPU
	EndGlobalSection
	GlobalSection(ProjectConfigurationPlatforms) = postSolution
		{AFE64008-86A8-4919-B63A-DEBA7F8A30E8}.Debug|Any CPU.ActiveCfg = Debug|Any CPU
		{AFE64008-86A8-4919-B63A-DEBA7F8A30E8}.Debug|Any CPU.Build.0 = Debug|Any CPU
		{AFE64008-86A8-4919-B63A-DEBA7F8A30E8}.Release|Any CPU.ActiveCfg = Release|Any CPU
		{AFE64008-86A8-4919-B63A-DEBA7F8A30E8}.Release|Any CPU.Build.0 = Release|Any CPU
		{9C2CBC21-F5D1-4064-880B-1F3308F268C0}.Debug|Any CPU.ActiveCfg = Debug|Any CPU
		{9C2CBC21-F5D1-4064-880B-1F3308F268C0}.Debug|Any CPU.Build.0 = Debug|Any CPU
		{9C2CBC21-F5D1-4064-880B-1F3308F268C0}.Release|Any CPU.ActiveCfg = Release|Any CPU
		{9C2CBC21-F5D1-4064-880B-1F3308F268C0}.Release|Any CPU.Build.0 = Release|Any CPU
	EndGlobalSection
	GlobalSection(SolutionProperties) = preSolution
		HideSolutionNode = FALSE
	EndGlobalSection
	GlobalSection(ExtensibilityGlobals) = postSolution
		SolutionGuid = {DDDC6FDB-83F4-4059-B6DB-2960819F6C36}
	EndGlobalSection
EndGlobal
